
Microsoft Visual Studio Solution File, Format Version 12.00
# Visual Studio 15
VisualStudioVersion = 15.0.27703.2000
MinimumVisualStudioVersion = 10.0.40219.1
Project("{FAE04EC0-301F-11D3-BF4B-00C04F79EFBC}") = "Admin_App", "Admin_App\Admin_App.csproj", "{56275616-862F-490F-B4A0-DC0F5B27AED9}"
EndProject
Project("{FAE04EC0-301F-11D3-BF4B-00C04F79EFBC}") = "Client_App", "Client_App\Client_App.csproj", "{5B16D817-C2D4-4CB9-83B0-7DCF89D5C0B1}"
EndProject
Project("{FAE04EC0-301F-11D3-BF4B-00C04F79EFBC}") = "BookstoreSelfhost", "SelfHost\BookstoreSelfhost.csproj", "{B0920C10-BA13-4384-9EA1-681C422D2992}"
EndProject
Global
	GlobalSection(SolutionConfigurationPlatforms) = preSolution
		Debug|Any CPU = Debug|Any CPU
		Debug|ARM = Debug|ARM
		Debug|x64 = Debug|x64
		Debug|x86 = Debug|x86
		Release|Any CPU = Release|Any CPU
		Release|ARM = Release|ARM
		Release|x64 = Release|x64
		Release|x86 = Release|x86
	EndGlobalSection
	GlobalSection(ProjectConfigurationPlatforms) = postSolution
		{56275616-862F-490F-B4A0-DC0F5B27AED9}.Debug|Any CPU.ActiveCfg = Debug|Any CPU
		{56275616-862F-490F-B4A0-DC0F5B27AED9}.Debug|Any CPU.Build.0 = Debug|Any CPU
		{56275616-862F-490F-B4A0-DC0F5B27AED9}.Debug|ARM.ActiveCfg = Debug|Any CPU
		{56275616-862F-490F-B4A0-DC0F5B27AED9}.Debug|ARM.Build.0 = Debug|Any CPU
		{56275616-862F-490F-B4A0-DC0F5B27AED9}.Debug|x64.ActiveCfg = Debug|Any CPU
		{56275616-862F-490F-B4A0-DC0F5B27AED9}.Debug|x64.Build.0 = Debug|Any CPU
		{56275616-862F-490F-B4A0-DC0F5B27AED9}.Debug|x86.ActiveCfg = Debug|Any CPU
		{56275616-862F-490F-B4A0-DC0F5B27AED9}.Debug|x86.Build.0 = Debug|Any CPU
		{56275616-862F-490F-B4A0-DC0F5B27AED9}.Release|Any CPU.ActiveCfg = Release|Any CPU
		{56275616-862F-490F-B4A0-DC0F5B27AED9}.Release|Any CPU.Build.0 = Release|Any CPU
		{56275616-862F-490F-B4A0-DC0F5B27AED9}.Release|ARM.ActiveCfg = Release|Any CPU
		{56275616-862F-490F-B4A0-DC0F5B27AED9}.Release|ARM.Build.0 = Release|Any CPU
		{56275616-862F-490F-B4A0-DC0F5B27AED9}.Release|x64.ActiveCfg = Release|Any CPU
		{56275616-862F-490F-B4A0-DC0F5B27AED9}.Release|x64.Build.0 = Release|Any CPU
		{56275616-862F-490F-B4A0-DC0F5B27AED9}.Release|x86.ActiveCfg = Release|Any CPU
		{56275616-862F-490F-B4A0-DC0F5B27AED9}.Release|x86.Build.0 = Release|Any CPU
		{5B16D817-C2D4-4CB9-83B0-7DCF89D5C0B1}.Debug|Any CPU.ActiveCfg = Debug|x86
		{5B16D817-C2D4-4CB9-83B0-7DCF89D5C0B1}.Debug|ARM.ActiveCfg = Debug|ARM
		{5B16D817-C2D4-4CB9-83B0-7DCF89D5C0B1}.Debug|ARM.Build.0 = Debug|ARM
		{5B16D817-C2D4-4CB9-83B0-7DCF89D5C0B1}.Debug|ARM.Deploy.0 = Debug|ARM
		{5B16D817-C2D4-4CB9-83B0-7DCF89D5C0B1}.Debug|x64.ActiveCfg = Debug|x64
		{5B16D817-C2D4-4CB9-83B0-7DCF89D5C0B1}.Debug|x64.Build.0 = Debug|x64
		{5B16D817-C2D4-4CB9-83B0-7DCF89D5C0B1}.Debug|x64.Deploy.0 = Debug|x64
		{5B16D817-C2D4-4CB9-83B0-7DCF89D5C0B1}.Debug|x86.ActiveCfg = Debug|x86
		{5B16D817-C2D4-4CB9-83B0-7DCF89D5C0B1}.Debug|x86.Build.0 = Debug|x86
		{5B16D817-C2D4-4CB9-83B0-7DCF89D5C0B1}.Debug|x86.Deploy.0 = Debug|x86
		{5B16D817-C2D4-4CB9-83B0-7DCF89D5C0B1}.Release|Any CPU.ActiveCfg = Release|x86
		{5B16D817-C2D4-4CB9-83B0-7DCF89D5C0B1}.Release|ARM.ActiveCfg = Release|ARM
		{5B16D817-C2D4-4CB9-83B0-7DCF89D5C0B1}.Release|ARM.Build.0 = Release|ARM
		{5B16D817-C2D4-4CB9-83B0-7DCF89D5C0B1}.Release|ARM.Deploy.0 = Release|ARM
		{5B16D817-C2D4-4CB9-83B0-7DCF89D5C0B1}.Release|x64.ActiveCfg = Release|x64
		{5B16D817-C2D4-4CB9-83B0-7DCF89D5C0B1}.Release|x64.Build.0 = Release|x64
		{5B16D817-C2D4-4CB9-83B0-7DCF89D5C0B1}.Release|x64.Deploy.0 = Release|x64
		{5B16D817-C2D4-4CB9-83B0-7DCF89D5C0B1}.Release|x86.ActiveCfg = Release|x86
		{5B16D817-C2D4-4CB9-83B0-7DCF89D5C0B1}.Release|x86.Build.0 = Release|x86
		{5B16D817-C2D4-4CB9-83B0-7DCF89D5C0B1}.Release|x86.Deploy.0 = Release|x86
		{B0920C10-BA13-4384-9EA1-681C422D2992}.Debug|Any CPU.ActiveCfg = Debug|Any CPU
		{B0920C10-BA13-4384-9EA1-681C422D2992}.Debug|Any CPU.Build.0 = Debug|Any CPU
		{B0920C10-BA13-4384-9EA1-681C422D2992}.Debug|ARM.ActiveCfg = Debug|Any CPU
		{B0920C10-BA13-4384-9EA1-681C422D2992}.Debug|ARM.Build.0 = Debug|Any CPU
		{B0920C10-BA13-4384-9EA1-681C422D2992}.Debug|x64.ActiveCfg = Debug|Any CPU
		{B0920C10-BA13-4384-9EA1-681C422D2992}.Debug|x64.Build.0 = Debug|Any CPU
		{B0920C10-BA13-4384-9EA1-681C422D2992}.Debug|x86.ActiveCfg = Debug|Any CPU
		{B0920C10-BA13-4384-9EA1-681C422D2992}.Debug|x86.Build.0 = Debug|Any CPU
		{B0920C10-BA13-4384-9EA1-681C422D2992}.Release|Any CPU.ActiveCfg = Release|Any CPU
		{B0920C10-BA13-4384-9EA1-681C422D2992}.Release|Any CPU.Build.0 = Release|Any CPU
		{B0920C10-BA13-4384-9EA1-681C422D2992}.Release|ARM.ActiveCfg = Release|Any CPU
		{B0920C10-BA13-4384-9EA1-681C422D2992}.Release|ARM.Build.0 = Release|Any CPU
		{B0920C10-BA13-4384-9EA1-681C422D2992}.Release|x64.ActiveCfg = Release|Any CPU
		{B0920C10-BA13-4384-9EA1-681C422D2992}.Release|x64.Build.0 = Release|Any CPU
		{B0920C10-BA13-4384-9EA1-681C422D2992}.Release|x86.ActiveCfg = Release|Any CPU
		{B0920C10-BA13-4384-9EA1-681C422D2992}.Release|x86.Build.0 = Release|Any CPU
	EndGlobalSection
	GlobalSection(SolutionProperties) = preSolution
		HideSolutionNode = FALSE
	EndGlobalSection
	GlobalSection(ExtensibilityGlobals) = postSolution
		SolutionGuid = {6A6C8E24-FA96-407E-89DD-45E9E0EC0703}
	EndGlobalSection
EndGlobal
